
Microsoft Visual Studio Solution File, Format Version 12.00
# Visual Studio Version 17
VisualStudioVersion = 17.11.35327.3
MinimumVisualStudioVersion = 10.0.40219.1
Project("{9A19103F-16F7-4668-BE54-9A1E7A4F7556}") = "Microservice.Patients.Api", "Microservice.Patients.Api\Microservice.Patients.Api.csproj", "{62858ED7-3CDF-4F68-ABCE-F6A7851FFF18}"
EndProject
Project("{9A19103F-16F7-4668-BE54-9A1E7A4F7556}") = "Microservice.Patients.Domain", "Microservice.Patients.Domain\Microservice.Patients.Domain.csproj", "{34D4487F-5EBA-44E5-9D1C-F894B673CF96}"
EndProject
Project("{9A19103F-16F7-4668-BE54-9A1E7A4F7556}") = "Microservice.Patients.Application", "Microservice.Patients.Application\Microservice.Patients.Application.csproj", "{BAA5E701-CD97-439D-9242-7C7B23095959}"
EndProject
Project("{9A19103F-16F7-4668-BE54-9A1E7A4F7556}") = "Microservice.Patients.Infrastructure", "Microservice.Patients.Infrastructure\Microservice.Patients.Infrastructure.csproj", "{3F112D47-85CB-4191-82D1-B3B8F6234C31}"
EndProject
Project("{FAE04EC0-301F-11D3-BF4B-00C04F79EFBC}") = "Microservice.Patients.Test", "Microservice.Patients.Test\Microservice.Patients.Test.csproj", "{CBAA2928-4592-49CB-BEB6-82D4BB46E490}"
EndProject
Project("{2150E333-8FDC-42A3-9474-1A3956D46DE8}") = "Solution Items", "Solution Items", "{5CB675CF-BF5A-4A2F-B2B0-A50718B8A5A5}"
	ProjectSection(SolutionItems) = preProject
		.gitignore = .gitignore
	EndProjectSection
EndProject
Global
	GlobalSection(SolutionConfigurationPlatforms) = preSolution
		Debug|Any CPU = Debug|Any CPU
		Release|Any CPU = Release|Any CPU
	EndGlobalSection
	GlobalSection(ProjectConfigurationPlatforms) = postSolution
		{62858ED7-3CDF-4F68-ABCE-F6A7851FFF18}.Debug|Any CPU.ActiveCfg = Debug|Any CPU
		{62858ED7-3CDF-4F68-ABCE-F6A7851FFF18}.Debug|Any CPU.Build.0 = Debug|Any CPU
		{62858ED7-3CDF-4F68-ABCE-F6A7851FFF18}.Release|Any CPU.ActiveCfg = Release|Any CPU
		{62858ED7-3CDF-4F68-ABCE-F6A7851FFF18}.Release|Any CPU.Build.0 = Release|Any CPU
		{34D4487F-5EBA-44E5-9D1C-F894B673CF96}.Debug|Any CPU.ActiveCfg = Debug|Any CPU
		{34D4487F-5EBA-44E5-9D1C-F894B673CF96}.Debug|Any CPU.Build.0 = Debug|Any CPU
		{34D4487F-5EBA-44E5-9D1C-F894B673CF96}.Release|Any CPU.ActiveCfg = Release|Any CPU
		{34D4487F-5EBA-44E5-9D1C-F894B673CF96}.Release|Any CPU.Build.0 = Release|Any CPU
		{BAA5E701-CD97-439D-9242-7C7B23095959}.Debug|Any CPU.ActiveCfg = Debug|Any CPU
		{BAA5E701-CD97-439D-9242-7C7B23095959}.Debug|Any CPU.Build.0 = Debug|Any CPU
		{BAA5E701-CD97-439D-9242-7C7B23095959}.Release|Any CPU.ActiveCfg = Release|Any CPU
		{BAA5E701-CD97-439D-9242-7C7B23095959}.Release|Any CPU.Build.0 = Release|Any CPU
		{3F112D47-85CB-4191-82D1-B3B8F6234C31}.Debug|Any CPU.ActiveCfg = Debug|Any CPU
		{3F112D47-85CB-4191-82D1-B3B8F6234C31}.Debug|Any CPU.Build.0 = Debug|Any CPU
		{3F112D47-85CB-4191-82D1-B3B8F6234C31}.Release|Any CPU.ActiveCfg = Release|Any CPU
		{3F112D47-85CB-4191-82D1-B3B8F6234C31}.Release|Any CPU.Build.0 = Release|Any CPU
		{CBAA2928-4592-49CB-BEB6-82D4BB46E490}.Debug|Any CPU.ActiveCfg = Debug|Any CPU
		{CBAA2928-4592-49CB-BEB6-82D4BB46E490}.Debug|Any CPU.Build.0 = Debug|Any CPU
		{CBAA2928-4592-49CB-BEB6-82D4BB46E490}.Release|Any CPU.ActiveCfg = Release|Any CPU
		{CBAA2928-4592-49CB-BEB6-82D4BB46E490}.Release|Any CPU.Build.0 = Release|Any CPU
	EndGlobalSection
	GlobalSection(SolutionProperties) = preSolution
		HideSolutionNode = FALSE
	EndGlobalSection
	GlobalSection(ExtensibilityGlobals) = postSolution
		SolutionGuid = {2D7547A8-C327-4893-B016-AAA192EAFD7A}
	EndGlobalSection
EndGlobal
